
Microsoft Visual Studio Solution File, Format Version 12.00
# Visual Studio 15
VisualStudioVersion = 15.0.28307.645
MinimumVisualStudioVersion = 10.0.40219.1
Project("{FAE04EC0-301F-11D3-BF4B-00C04F79EFBC}") = "Test_html_visual_studio_github", "Test_html_visual_studio_github\Test_html_visual_studio_github.csproj", "{97B70B1F-ABC7-4148-A266-5806C3654686}"
EndProject
Global
	GlobalSection(SolutionConfigurationPlatforms) = preSolution
		Debug|Any CPU = Debug|Any CPU
		Release|Any CPU = Release|Any CPU
	EndGlobalSection
	GlobalSection(ProjectConfigurationPlatforms) = postSolution
		{97B70B1F-ABC7-4148-A266-5806C3654686}.Debug|Any CPU.ActiveCfg = Debug|Any CPU
		{97B70B1F-ABC7-4148-A266-5806C3654686}.Debug|Any CPU.Build.0 = Debug|Any CPU
		{97B70B1F-ABC7-4148-A266-5806C3654686}.Release|Any CPU.ActiveCfg = Release|Any CPU
		{97B70B1F-ABC7-4148-A266-5806C3654686}.Release|Any CPU.Build.0 = Release|Any CPU
	EndGlobalSection
	GlobalSection(SolutionProperties) = preSolution
		HideSolutionNode = FALSE
	EndGlobalSection
	GlobalSection(ExtensibilityGlobals) = postSolution
		SolutionGuid = {08D24232-45EC-4B12-9019-3D08F32F109E}
	EndGlobalSection
EndGlobal
